
Microsoft Visual Studio Solution File, Format Version 12.00
# Visual Studio Version 17
VisualStudioVersion = 17.7.34221.43
MinimumVisualStudioVersion = 10.0.40219.1
Project("{9A19103F-16F7-4668-BE54-9A1E7A4F7556}") = "shopinglista", "shopinglista\shopinglista.csproj", "{032392EB-1533-4475-99F0-9E6A30712ACF}"
EndProject
Project("{2150E333-8FDC-42A3-9474-1A3956D46DE8}") = "documentation", "documentation", "{0DC9106D-F7AD-42A4-98AB-C61CB7D5F261}"
	ProjectSection(SolutionItems) = preProject
		Readme.md = Readme.md
	EndProjectSection
EndProject
Global
	GlobalSection(SolutionConfigurationPlatforms) = preSolution
		Debug|Any CPU = Debug|Any CPU
		Release|Any CPU = Release|Any CPU
	EndGlobalSection
	GlobalSection(ProjectConfigurationPlatforms) = postSolution
		{032392EB-1533-4475-99F0-9E6A30712ACF}.Debug|Any CPU.ActiveCfg = Debug|Any CPU
		{032392EB-1533-4475-99F0-9E6A30712ACF}.Debug|Any CPU.Build.0 = Debug|Any CPU
		{032392EB-1533-4475-99F0-9E6A30712ACF}.Release|Any CPU.ActiveCfg = Release|Any CPU
		{032392EB-1533-4475-99F0-9E6A30712ACF}.Release|Any CPU.Build.0 = Release|Any CPU
	EndGlobalSection
	GlobalSection(SolutionProperties) = preSolution
		HideSolutionNode = FALSE
	EndGlobalSection
	GlobalSection(ExtensibilityGlobals) = postSolution
		SolutionGuid = {2E7347BC-B2B4-4768-8ABD-5E696E42BAB1}
	EndGlobalSection
EndGlobal
